
Microsoft Visual Studio Solution File, Format Version 12.00
# Visual Studio 15
VisualStudioVersion = 15.0.26823.1
MinimumVisualStudioVersion = 10.0.40219.1
Project("{FAE04EC0-301F-11D3-BF4B-00C04F79EFBC}") = "Demos.Azure.CognitiveServices", "Demos.Azure.CognitiveServices\Demos.Azure.CognitiveServices.csproj", "{0F3FC5EA-E492-47ED-AA53-7C642ABAE96C}"
EndProject
Global
	GlobalSection(SolutionConfigurationPlatforms) = preSolution
		Debug|Any CPU = Debug|Any CPU
		Release|Any CPU = Release|Any CPU
	EndGlobalSection
	GlobalSection(ProjectConfigurationPlatforms) = postSolution
		{0F3FC5EA-E492-47ED-AA53-7C642ABAE96C}.Debug|Any CPU.ActiveCfg = Debug|Any CPU
		{0F3FC5EA-E492-47ED-AA53-7C642ABAE96C}.Debug|Any CPU.Build.0 = Debug|Any CPU
		{0F3FC5EA-E492-47ED-AA53-7C642ABAE96C}.Release|Any CPU.ActiveCfg = Release|Any CPU
		{0F3FC5EA-E492-47ED-AA53-7C642ABAE96C}.Release|Any CPU.Build.0 = Release|Any CPU
	EndGlobalSection
	GlobalSection(SolutionProperties) = preSolution
		HideSolutionNode = FALSE
	EndGlobalSection
	GlobalSection(ExtensibilityGlobals) = postSolution
		SolutionGuid = {935B6C7D-F5DC-401B-9AE3-EC4191A8899D}
	EndGlobalSection
EndGlobal
